// !$*UTF8*$!
{
	archiveVersion = 1;
	classes = {
	};
	objectVersion = 56;
	objects = {

/* Begin PBXBuildFile section */
		7E5720712A0235A100C0D049 /* SpringApp.swift in Sources */ = {isa = PBXBuildFile; fileRef = 7E5720702A0235A100C0D049 /* SpringApp.swift */; };
		7E5720732A0235A100C0D049 /* ContentView.swift in Sources */ = {isa = PBXBuildFile; fileRef = 7E5720722A0235A100C0D049 /* ContentView.swift */; };
		7E5720752A0235A200C0D049 /* Assets.xcassets in Resources */ = {isa = PBXBuildFile; fileRef = 7E5720742A0235A200C0D049 /* Assets.xcassets */; };
		7E5720782A0235A200C0D049 /* Preview Assets.xcassets in Resources */ = {isa = PBXBuildFile; fileRef = 7E5720772A0235A200C0D049 /* Preview Assets.xcassets */; };
		7E57207E2A0235A200C0D049 /* Spring Watch App.app in Embed Watch Content */ = {isa = PBXBuildFile; fileRef = 7E57207D2A0235A200C0D049 /* Spring Watch App.app */; settings = {ATTRIBUTES = (RemoveHeadersOnCopy, ); }; };
		7E5720832A0235A200C0D049 /* SpringApp.swift in Sources */ = {isa = PBXBuildFile; fileRef = 7E5720822A0235A200C0D049 /* SpringApp.swift */; };
		7E5720852A0235A200C0D049 /* ContentView.swift in Sources */ = {isa = PBXBuildFile; fileRef = 7E5720842A0235A200C0D049 /* ContentView.swift */; };
		7E5720872A0235A300C0D049 /* Assets.xcassets in Resources */ = {isa = PBXBuildFile; fileRef = 7E5720862A0235A300C0D049 /* Assets.xcassets */; };
		7E57208A2A0235A300C0D049 /* Preview Assets.xcassets in Resources */ = {isa = PBXBuildFile; fileRef = 7E5720892A0235A300C0D049 /* Preview Assets.xcassets */; };
		7E5720992A02390F00C0D049 /* FirebaseAuth in Frameworks */ = {isa = PBXBuildFile; productRef = 7E5720982A02390F00C0D049 /* FirebaseAuth */; };
		7E57209B2A02390F00C0D049 /* FirebaseFirestore in Frameworks */ = {isa = PBXBuildFile; productRef = 7E57209A2A02390F00C0D049 /* FirebaseFirestore */; };
		7E57209D2A02390F00C0D049 /* FirebaseFirestoreSwift in Frameworks */ = {isa = PBXBuildFile; productRef = 7E57209C2A02390F00C0D049 /* FirebaseFirestoreSwift */; };
		7E57209F2A02390F00C0D049 /* FirebaseStorage in Frameworks */ = {isa = PBXBuildFile; productRef = 7E57209E2A02390F00C0D049 /* FirebaseStorage */; };
		7E5720B22A02408900C0D049 /* GoogleService-Info.plist in Resources */ = {isa = PBXBuildFile; fileRef = 7E5720B12A02408900C0D049 /* GoogleService-Info.plist */; };
		7E5720EC2A024F5700C0D049 /* Model.swift in Sources */ = {isa = PBXBuildFile; fileRef = 7E5720EB2A024F5700C0D049 /* Model.swift */; };
		7E5720EE2A024F6C00C0D049 /* SomeView.swift in Sources */ = {isa = PBXBuildFile; fileRef = 7E5720ED2A024F6C00C0D049 /* SomeView.swift */; };
		7E5720F02A024F7500C0D049 /* SomeViewModel.swift in Sources */ = {isa = PBXBuildFile; fileRef = 7E5720EF2A024F7500C0D049 /* SomeViewModel.swift */; };
/* End PBXBuildFile section */

/* Begin PBXContainerItemProxy section */
		7E57207F2A0235A200C0D049 /* PBXContainerItemProxy */ = {
			isa = PBXContainerItemProxy;
			containerPortal = 7E5720652A0235A100C0D049 /* Project object */;
			proxyType = 1;
			remoteGlobalIDString = 7E57207C2A0235A200C0D049;
			remoteInfo = "Spring Watch App";
		};
/* End PBXContainerItemProxy section */

/* Begin PBXCopyFilesBuildPhase section */
		7E5720902A0235A300C0D049 /* Embed Watch Content */ = {
			isa = PBXCopyFilesBuildPhase;
			buildActionMask = 2147483647;
			dstPath = "$(CONTENTS_FOLDER_PATH)/Watch";
			dstSubfolderSpec = 16;
			files = (
				7E57207E2A0235A200C0D049 /* Spring Watch App.app in Embed Watch Content */,
			);
			name = "Embed Watch Content";
			runOnlyForDeploymentPostprocessing = 0;
		};
/* End PBXCopyFilesBuildPhase section */

/* Begin PBXFileReference section */
		7E57206D2A0235A100C0D049 /* Spring.app */ = {isa = PBXFileReference; explicitFileType = wrapper.application; includeInIndex = 0; path = Spring.app; sourceTree = BUILT_PRODUCTS_DIR; };
		7E5720702A0235A100C0D049 /* SpringApp.swift */ = {isa = PBXFileReference; lastKnownFileType = sourcecode.swift; path = SpringApp.swift; sourceTree = "<group>"; };
		7E5720722A0235A100C0D049 /* ContentView.swift */ = {isa = PBXFileReference; lastKnownFileType = sourcecode.swift; path = ContentView.swift; sourceTree = "<group>"; };
		7E5720742A0235A200C0D049 /* Assets.xcassets */ = {isa = PBXFileReference; lastKnownFileType = folder.assetcatalog; path = Assets.xcassets; sourceTree = "<group>"; };
		7E5720772A0235A200C0D049 /* Preview Assets.xcassets */ = {isa = PBXFileReference; lastKnownFileType = folder.assetcatalog; path = "Preview Assets.xcassets"; sourceTree = "<group>"; };
		7E57207D2A0235A200C0D049 /* Spring Watch App.app */ = {isa = PBXFileReference; explicitFileType = wrapper.application; includeInIndex = 0; path = "Spring Watch App.app"; sourceTree = BUILT_PRODUCTS_DIR; };
		7E5720822A0235A200C0D049 /* SpringApp.swift */ = {isa = PBXFileReference; lastKnownFileType = sourcecode.swift; path = SpringApp.swift; sourceTree = "<group>"; };
		7E5720842A0235A200C0D049 /* ContentView.swift */ = {isa = PBXFileReference; lastKnownFileType = sourcecode.swift; path = ContentView.swift; sourceTree = "<group>"; };
		7E5720862A0235A300C0D049 /* Assets.xcassets */ = {isa = PBXFileReference; lastKnownFileType = folder.assetcatalog; path = Assets.xcassets; sourceTree = "<group>"; };
		7E5720892A0235A300C0D049 /* Preview Assets.xcassets */ = {isa = PBXFileReference; lastKnownFileType = folder.assetcatalog; path = "Preview Assets.xcassets"; sourceTree = "<group>"; };
		7E5720B12A02408900C0D049 /* GoogleService-Info.plist */ = {isa = PBXFileReference; fileEncoding = 4; lastKnownFileType = text.plist.xml; path = "GoogleService-Info.plist"; sourceTree = "<group>"; };
		7E5720EB2A024F5700C0D049 /* Model.swift */ = {isa = PBXFileReference; lastKnownFileType = sourcecode.swift; path = Model.swift; sourceTree = "<group>"; };
		7E5720ED2A024F6C00C0D049 /* SomeView.swift */ = {isa = PBXFileReference; lastKnownFileType = sourcecode.swift; path = SomeView.swift; sourceTree = "<group>"; };
		7E5720EF2A024F7500C0D049 /* SomeViewModel.swift */ = {isa = PBXFileReference; lastKnownFileType = sourcecode.swift; path = SomeViewModel.swift; sourceTree = "<group>"; };
/* End PBXFileReference section */

/* Begin PBXFrameworksBuildPhase section */
		7E57206A2A0235A100C0D049 /* Frameworks */ = {
			isa = PBXFrameworksBuildPhase;
			buildActionMask = 2147483647;
			files = (
				7E5720992A02390F00C0D049 /* FirebaseAuth in Frameworks */,
				7E57209F2A02390F00C0D049 /* FirebaseStorage in Frameworks */,
				7E57209B2A02390F00C0D049 /* FirebaseFirestore in Frameworks */,
				7E57209D2A02390F00C0D049 /* FirebaseFirestoreSwift in Frameworks */,
			);
			runOnlyForDeploymentPostprocessing = 0;
		};
		7E57207A2A0235A200C0D049 /* Frameworks */ = {
			isa = PBXFrameworksBuildPhase;
			buildActionMask = 2147483647;
			files = (
			);
			runOnlyForDeploymentPostprocessing = 0;
		};
/* End PBXFrameworksBuildPhase section */

/* Begin PBXGroup section */
		7E5720642A0235A100C0D049 = {
			isa = PBXGroup;
			children = (
				7E5720B12A02408900C0D049 /* GoogleService-Info.plist */,
				7E57206F2A0235A100C0D049 /* Spring */,
				7E5720812A0235A200C0D049 /* Spring Watch App */,
				7E57206E2A0235A100C0D049 /* Products */,
				7E5720A02A023A2C00C0D049 /* Frameworks */,
			);
			sourceTree = "<group>";
		};
		7E57206E2A0235A100C0D049 /* Products */ = {
			isa = PBXGroup;
			children = (
				7E57206D2A0235A100C0D049 /* Spring.app */,
				7E57207D2A0235A200C0D049 /* Spring Watch App.app */,
			);
			name = Products;
			sourceTree = "<group>";
		};
		7E57206F2A0235A100C0D049 /* Spring */ = {
			isa = PBXGroup;
			children = (
				7E5720EA2A024F2800C0D049 /* ViewModel */,
				7E5720E92A024F2300C0D049 /* View */,
				7E5720E82A024F1C00C0D049 /* Model */,
				7E5720702A0235A100C0D049 /* SpringApp.swift */,
				7E5720722A0235A100C0D049 /* ContentView.swift */,
				7E5720742A0235A200C0D049 /* Assets.xcassets */,
				7E5720762A0235A200C0D049 /* Preview Content */,
			);
			path = Spring;
			sourceTree = "<group>";
		};
		7E5720762A0235A200C0D049 /* Preview Content */ = {
			isa = PBXGroup;
			children = (
				7E5720772A0235A200C0D049 /* Preview Assets.xcassets */,
			);
			path = "Preview Content";
			sourceTree = "<group>";
		};
		7E5720812A0235A200C0D049 /* Spring Watch App */ = {
			isa = PBXGroup;
			children = (
				7E5720822A0235A200C0D049 /* SpringApp.swift */,
				7E5720842A0235A200C0D049 /* ContentView.swift */,
				7E5720862A0235A300C0D049 /* Assets.xcassets */,
				7E5720882A0235A300C0D049 /* Preview Content */,
			);
			path = "Spring Watch App";
			sourceTree = "<group>";
		};
		7E5720882A0235A300C0D049 /* Preview Content */ = {
			isa = PBXGroup;
			children = (
				7E5720892A0235A300C0D049 /* Preview Assets.xcassets */,
			);
			path = "Preview Content";
			sourceTree = "<group>";
		};
		7E5720A02A023A2C00C0D049 /* Frameworks */ = {
			isa = PBXGroup;
			children = (
			);
			name = Frameworks;
			sourceTree = "<group>";
		};
		7E5720E82A024F1C00C0D049 /* Model */ = {
			isa = PBXGroup;
			children = (
				7E5720EB2A024F5700C0D049 /* Model.swift */,
			);
			path = Model;
			sourceTree = "<group>";
		};
		7E5720E92A024F2300C0D049 /* View */ = {
			isa = PBXGroup;
			children = (
				7E5720ED2A024F6C00C0D049 /* SomeView.swift */,
			);
			path = View;
			sourceTree = "<group>";
		};
		7E5720EA2A024F2800C0D049 /* ViewModel */ = {
			isa = PBXGroup;
			children = (
				7E5720EF2A024F7500C0D049 /* SomeViewModel.swift */,
			);
			path = ViewModel;
			sourceTree = "<group>";
		};
/* End PBXGroup section */

/* Begin PBXNativeTarget section */
		7E57206C2A0235A100C0D049 /* Spring */ = {
			isa = PBXNativeTarget;
			buildConfigurationList = 7E5720912A0235A300C0D049 /* Build configuration list for PBXNativeTarget "Spring" */;
			buildPhases = (
				7E5720692A0235A100C0D049 /* Sources */,
				7E57206A2A0235A100C0D049 /* Frameworks */,
				7E57206B2A0235A100C0D049 /* Resources */,
				7E5720902A0235A300C0D049 /* Embed Watch Content */,
			);
			buildRules = (
			);
			dependencies = (
				7E5720802A0235A200C0D049 /* PBXTargetDependency */,
			);
			name = Spring;
			packageProductDependencies = (
				7E5720982A02390F00C0D049 /* FirebaseAuth */,
				7E57209A2A02390F00C0D049 /* FirebaseFirestore */,
				7E57209C2A02390F00C0D049 /* FirebaseFirestoreSwift */,
				7E57209E2A02390F00C0D049 /* FirebaseStorage */,
			);
			productName = Spring;
			productReference = 7E57206D2A0235A100C0D049 /* Spring.app */;
			productType = "com.apple.product-type.application";
		};
		7E57207C2A0235A200C0D049 /* Spring Watch App */ = {
			isa = PBXNativeTarget;
			buildConfigurationList = 7E57208D2A0235A300C0D049 /* Build configuration list for PBXNativeTarget "Spring Watch App" */;
			buildPhases = (
				7E5720792A0235A200C0D049 /* Sources */,
				7E57207A2A0235A200C0D049 /* Frameworks */,
				7E57207B2A0235A200C0D049 /* Resources */,
			);
			buildRules = (
			);
			dependencies = (
			);
			name = "Spring Watch App";
			packageProductDependencies = (
			);
			productName = "Spring Watch App";
			productReference = 7E57207D2A0235A200C0D049 /* Spring Watch App.app */;
			productType = "com.apple.product-type.application";
		};
/* End PBXNativeTarget section */

/* Begin PBXProject section */
		7E5720652A0235A100C0D049 /* Project object */ = {
			isa = PBXProject;
			attributes = {
				BuildIndependentTargetsInParallel = 1;
				LastSwiftUpdateCheck = 1430;
				LastUpgradeCheck = 1430;
				TargetAttributes = {
					7E57206C2A0235A100C0D049 = {
						CreatedOnToolsVersion = 14.3;
					};
					7E57207C2A0235A200C0D049 = {
						CreatedOnToolsVersion = 14.3;
					};
				};
			};
			buildConfigurationList = 7E5720682A0235A100C0D049 /* Build configuration list for PBXProject "Spring" */;
			compatibilityVersion = "Xcode 14.0";
			developmentRegion = en;
			hasScannedForEncodings = 0;
			knownRegions = (
				en,
				Base,
			);
			mainGroup = 7E5720642A0235A100C0D049;
			packageReferences = (
				7E5720972A02390F00C0D049 /* XCRemoteSwiftPackageReference "firebase-ios-sdk" */,
			);
			productRefGroup = 7E57206E2A0235A100C0D049 /* Products */;
			projectDirPath = "";
			projectRoot = "";
			targets = (
				7E57206C2A0235A100C0D049 /* Spring */,
				7E57207C2A0235A200C0D049 /* Spring Watch App */,
			);
		};
/* End PBXProject section */

/* Begin PBXResourcesBuildPhase section */
		7E57206B2A0235A100C0D049 /* Resources */ = {
			isa = PBXResourcesBuildPhase;
			buildActionMask = 2147483647;
			files = (
				7E5720782A0235A200C0D049 /* Preview Assets.xcassets in Resources */,
				7E5720752A0235A200C0D049 /* Assets.xcassets in Resources */,
				7E5720B22A02408900C0D049 /* GoogleService-Info.plist in Resources */,
			);
			runOnlyForDeploymentPostprocessing = 0;
		};
		7E57207B2A0235A200C0D049 /* Resources */ = {
			isa = PBXResourcesBuildPhase;
			buildActionMask = 2147483647;
			files = (
				7E57208A2A0235A300C0D049 /* Preview Assets.xcassets in Resources */,
				7E5720872A0235A300C0D049 /* Assets.xcassets in Resources */,
			);
			runOnlyForDeploymentPostprocessing = 0;
		};
/* End PBXResourcesBuildPhase section */

/* Begin PBXSourcesBuildPhase section */
		7E5720692A0235A100C0D049 /* Sources */ = {
			isa = PBXSourcesBuildPhase;
			buildActionMask = 2147483647;
			files = (
				7E5720EE2A024F6C00C0D049 /* SomeView.swift in Sources */,
				7E5720F02A024F7500C0D049 /* SomeViewModel.swift in Sources */,
				7E5720EC2A024F5700C0D049 /* Model.swift in Sources */,
				7E5720732A0235A100C0D049 /* ContentView.swift in Sources */,
				7E5720712A0235A100C0D049 /* SpringApp.swift in Sources */,
			);
			runOnlyForDeploymentPostprocessing = 0;
		};
		7E5720792A0235A200C0D049 /* Sources */ = {
			isa = PBXSourcesBuildPhase;
			buildActionMask = 2147483647;
			files = (
				7E5720852A0235A200C0D049 /* ContentView.swift in Sources */,
				7E5720832A0235A200C0D049 /* SpringApp.swift in Sources */,
			);
			runOnlyForDeploymentPostprocessing = 0;
		};
/* End PBXSourcesBuildPhase section */

/* Begin PBXTargetDependency section */
		7E5720802A0235A200C0D049 /* PBXTargetDependency */ = {
			isa = PBXTargetDependency;
			target = 7E57207C2A0235A200C0D049 /* Spring Watch App */;
			targetProxy = 7E57207F2A0235A200C0D049 /* PBXContainerItemProxy */;
		};
/* End PBXTargetDependency section */

/* Begin XCBuildConfiguration section */
		7E57208B2A0235A300C0D049 /* Debug */ = {
			isa = XCBuildConfiguration;
			buildSettings = {
				ALWAYS_SEARCH_USER_PATHS = NO;
				CLANG_ANALYZER_NONNULL = YES;
				CLANG_ANALYZER_NUMBER_OBJECT_CONVERSION = YES_AGGRESSIVE;
				CLANG_CXX_LANGUAGE_STANDARD = "gnu++20";
				CLANG_ENABLE_MODULES = YES;
				CLANG_ENABLE_OBJC_ARC = YES;
				CLANG_ENABLE_OBJC_WEAK = YES;
				CLANG_WARN_BLOCK_CAPTURE_AUTORELEASING = YES;
				CLANG_WARN_BOOL_CONVERSION = YES;
				CLANG_WARN_COMMA = YES;
				CLANG_WARN_CONSTANT_CONVERSION = YES;
				CLANG_WARN_DEPRECATED_OBJC_IMPLEMENTATIONS = YES;
				CLANG_WARN_DIRECT_OBJC_ISA_USAGE = YES_ERROR;
				CLANG_WARN_DOCUMENTATION_COMMENTS = YES;
				CLANG_WARN_EMPTY_BODY = YES;
				CLANG_WARN_ENUM_CONVERSION = YES;
				CLANG_WARN_INFINITE_RECURSION = YES;
				CLANG_WARN_INT_CONVERSION = YES;
				CLANG_WARN_NON_LITERAL_NULL_CONVERSION = YES;
				CLANG_WARN_OBJC_IMPLICIT_RETAIN_SELF = YES;
				CLANG_WARN_OBJC_LITERAL_CONVERSION = YES;
				CLANG_WARN_OBJC_ROOT_CLASS = YES_ERROR;
				CLANG_WARN_QUOTED_INCLUDE_IN_FRAMEWORK_HEADER = YES;
				CLANG_WARN_RANGE_LOOP_ANALYSIS = YES;
				CLANG_WARN_STRICT_PROTOTYPES = YES;
				CLANG_WARN_SUSPICIOUS_MOVE = YES;
				CLANG_WARN_UNGUARDED_AVAILABILITY = YES_AGGRESSIVE;
				CLANG_WARN_UNREACHABLE_CODE = YES;
				CLANG_WARN__DUPLICATE_METHOD_MATCH = YES;
				COPY_PHASE_STRIP = NO;
				DEBUG_INFORMATION_FORMAT = dwarf;
				ENABLE_STRICT_OBJC_MSGSEND = YES;
				ENABLE_TESTABILITY = YES;
				GCC_C_LANGUAGE_STANDARD = gnu11;
				GCC_DYNAMIC_NO_PIC = NO;
				GCC_NO_COMMON_BLOCKS = YES;
				GCC_OPTIMIZATION_LEVEL = 0;
				GCC_PREPROCESSOR_DEFINITIONS = (
					"DEBUG=1",
					"$(inherited)",
				);
				GCC_WARN_64_TO_32_BIT_CONVERSION = YES;
				GCC_WARN_ABOUT_RETURN_TYPE = YES_ERROR;
				GCC_WARN_UNDECLARED_SELECTOR = YES;
				GCC_WARN_UNINITIALIZED_AUTOS = YES_AGGRESSIVE;
				GCC_WARN_UNUSED_FUNCTION = YES;
				GCC_WARN_UNUSED_VARIABLE = YES;
				MTL_ENABLE_DEBUG_INFO = INCLUDE_SOURCE;
				MTL_FAST_MATH = YES;
				ONLY_ACTIVE_ARCH = YES;
				SWIFT_ACTIVE_COMPILATION_CONDITIONS = DEBUG;
				SWIFT_OPTIMIZATION_LEVEL = "-Onone";
			};
			name = Debug;
		};
		7E57208C2A0235A300C0D049 /* Release */ = {
			isa = XCBuildConfiguration;
			buildSettings = {
				ALWAYS_SEARCH_USER_PATHS = NO;
				CLANG_ANALYZER_NONNULL = YES;
				CLANG_ANALYZER_NUMBER_OBJECT_CONVERSION = YES_AGGRESSIVE;
				CLANG_CXX_LANGUAGE_STANDARD = "gnu++20";
				CLANG_ENABLE_MODULES = YES;
				CLANG_ENABLE_OBJC_ARC = YES;
				CLANG_ENABLE_OBJC_WEAK = YES;
				CLANG_WARN_BLOCK_CAPTURE_AUTORELEASING = YES;
				CLANG_WARN_BOOL_CONVERSION = YES;
				CLANG_WARN_COMMA = YES;
				CLANG_WARN_CONSTANT_CONVERSION = YES;
				CLANG_WARN_DEPRECATED_OBJC_IMPLEMENTATIONS = YES;
				CLANG_WARN_DIRECT_OBJC_ISA_USAGE = YES_ERROR;
				CLANG_WARN_DOCUMENTATION_COMMENTS = YES;
				CLANG_WARN_EMPTY_BODY = YES;
				CLANG_WARN_ENUM_CONVERSION = YES;
				CLANG_WARN_INFINITE_RECURSION = YES;
				CLANG_WARN_INT_CONVERSION = YES;
				CLANG_WARN_NON_LITERAL_NULL_CONVERSION = YES;
				CLANG_WARN_OBJC_IMPLICIT_RETAIN_SELF = YES;
				CLANG_WARN_OBJC_LITERAL_CONVERSION = YES;
				CLANG_WARN_OBJC_ROOT_CLASS = YES_ERROR;
				CLANG_WARN_QUOTED_INCLUDE_IN_FRAMEWORK_HEADER = YES;
				CLANG_WARN_RANGE_LOOP_ANALYSIS = YES;
				CLANG_WARN_STRICT_PROTOTYPES = YES;
				CLANG_WARN_SUSPICIOUS_MOVE = YES;
				CLANG_WARN_UNGUARDED_AVAILABILITY = YES_AGGRESSIVE;
				CLANG_WARN_UNREACHABLE_CODE = YES;
				CLANG_WARN__DUPLICATE_METHOD_MATCH = YES;
				COPY_PHASE_STRIP = NO;
				DEBUG_INFORMATION_FORMAT = "dwarf-with-dsym";
				ENABLE_NS_ASSERTIONS = NO;
				ENABLE_STRICT_OBJC_MSGSEND = YES;
				GCC_C_LANGUAGE_STANDARD = gnu11;
				GCC_NO_COMMON_BLOCKS = YES;
				GCC_WARN_64_TO_32_BIT_CONVERSION = YES;
				GCC_WARN_ABOUT_RETURN_TYPE = YES_ERROR;
				GCC_WARN_UNDECLARED_SELECTOR = YES;
				GCC_WARN_UNINITIALIZED_AUTOS = YES_AGGRESSIVE;
				GCC_WARN_UNUSED_FUNCTION = YES;
				GCC_WARN_UNUSED_VARIABLE = YES;
				MTL_ENABLE_DEBUG_INFO = NO;
				MTL_FAST_MATH = YES;
				SWIFT_COMPILATION_MODE = wholemodule;
				SWIFT_OPTIMIZATION_LEVEL = "-O";
			};
			name = Release;
		};
		7E57208E2A0235A300C0D049 /* Debug */ = {
			isa = XCBuildConfiguration;
			buildSettings = {
				ASSETCATALOG_COMPILER_APPICON_NAME = AppIcon;
				ASSETCATALOG_COMPILER_GLOBAL_ACCENT_COLOR_NAME = AccentColor;
				CODE_SIGN_STYLE = Automatic;
				CURRENT_PROJECT_VERSION = 1;
				DEVELOPMENT_ASSET_PATHS = "\"Spring Watch App/Preview Content\"";
				DEVELOPMENT_TEAM = 99KS64JD42;
				ENABLE_PREVIEWS = YES;
				GENERATE_INFOPLIST_FILE = YES;
				INFOPLIST_KEY_CFBundleDisplayName = Spring;
				INFOPLIST_KEY_UISupportedInterfaceOrientations = "UIInterfaceOrientationPortrait UIInterfaceOrientationPortraitUpsideDown";
				INFOPLIST_KEY_WKCompanionAppBundleIdentifier = com.watching.Spring;
				LD_RUNPATH_SEARCH_PATHS = (
					"$(inherited)",
					"@executable_path/Frameworks",
				);
				MARKETING_VERSION = 1.0;
				PRODUCT_BUNDLE_IDENTIFIER = com.watching.Spring.watchkitapp;
				PRODUCT_NAME = "$(TARGET_NAME)";
				SDKROOT = watchos;
				SKIP_INSTALL = YES;
				SWIFT_EMIT_LOC_STRINGS = YES;
				SWIFT_VERSION = 5.0;
				TARGETED_DEVICE_FAMILY = 4;
				WATCHOS_DEPLOYMENT_TARGET = 9.0;
			};
			name = Debug;
		};
		7E57208F2A0235A300C0D049 /* Release */ = {
			isa = XCBuildConfiguration;
			buildSettings = {
				ASSETCATALOG_COMPILER_APPICON_NAME = AppIcon;
				ASSETCATALOG_COMPILER_GLOBAL_ACCENT_COLOR_NAME = AccentColor;
				CODE_SIGN_STYLE = Automatic;
				CURRENT_PROJECT_VERSION = 1;
				DEVELOPMENT_ASSET_PATHS = "\"Spring Watch App/Preview Content\"";
				DEVELOPMENT_TEAM = 99KS64JD42;
				ENABLE_PREVIEWS = YES;
				GENERATE_INFOPLIST_FILE = YES;
				INFOPLIST_KEY_CFBundleDisplayName = Spring;
				INFOPLIST_KEY_UISupportedInterfaceOrientations = "UIInterfaceOrientationPortrait UIInterfaceOrientationPortraitUpsideDown";
				INFOPLIST_KEY_WKCompanionAppBundleIdentifier = com.watching.Spring;
				LD_RUNPATH_SEARCH_PATHS = (
					"$(inherited)",
					"@executable_path/Frameworks",
				);
				MARKETING_VERSION = 1.0;
				PRODUCT_BUNDLE_IDENTIFIER = com.watching.Spring.watchkitapp;
				PRODUCT_NAME = "$(TARGET_NAME)";
				SDKROOT = watchos;
				SKIP_INSTALL = YES;
				SWIFT_EMIT_LOC_STRINGS = YES;
				SWIFT_VERSION = 5.0;
				TARGETED_DEVICE_FAMILY = 4;
				VALIDATE_PRODUCT = YES;
				WATCHOS_DEPLOYMENT_TARGET = 9.0;
			};
			name = Release;
		};
		7E5720922A0235A300C0D049 /* Debug */ = {
			isa = XCBuildConfiguration;
			buildSettings = {
				ALWAYS_EMBED_SWIFT_STANDARD_LIBRARIES = YES;
				ASSETCATALOG_COMPILER_APPICON_NAME = AppIcon;
				ASSETCATALOG_COMPILER_GLOBAL_ACCENT_COLOR_NAME = AccentColor;
				CODE_SIGN_STYLE = Automatic;
				CURRENT_PROJECT_VERSION = 1;
				DEVELOPMENT_ASSET_PATHS = "\"Spring/Preview Content\"";
				DEVELOPMENT_TEAM = 99KS64JD42;
				ENABLE_PREVIEWS = YES;
				GENERATE_INFOPLIST_FILE = YES;
				INFOPLIST_KEY_CFBundleDisplayName = Spring;
				INFOPLIST_KEY_UIApplicationSceneManifest_Generation = YES;
				INFOPLIST_KEY_UIApplicationSupportsIndirectInputEvents = YES;
				INFOPLIST_KEY_UILaunchScreen_Generation = YES;
				INFOPLIST_KEY_UISupportedInterfaceOrientations_iPad = "UIInterfaceOrientationPortrait UIInterfaceOrientationPortraitUpsideDown UIInterfaceOrientationLandscapeLeft UIInterfaceOrientationLandscapeRight";
				INFOPLIST_KEY_UISupportedInterfaceOrientations_iPhone = "UIInterfaceOrientationPortrait UIInterfaceOrientationLandscapeLeft UIInterfaceOrientationLandscapeRight";
				IPHONEOS_DEPLOYMENT_TARGET = 16.0;
				LD_RUNPATH_SEARCH_PATHS = (
					"$(inherited)",
					"@executable_path/Frameworks",
				);
				MARKETING_VERSION = 1.0;
				PRODUCT_BUNDLE_IDENTIFIER = com.watching.Spring;
				PRODUCT_NAME = "$(TARGET_NAME)";
				SDKROOT = iphoneos;
				SWIFT_EMIT_LOC_STRINGS = YES;
				SWIFT_VERSION = 5.0;
				TARGETED_DEVICE_FAMILY = "1,2";
			};
			name = Debug;
		};
		7E5720932A0235A300C0D049 /* Release */ = {
			isa = XCBuildConfiguration;
			buildSettings = {
				ALWAYS_EMBED_SWIFT_STANDARD_LIBRARIES = YES;
				ASSETCATALOG_COMPILER_APPICON_NAME = AppIcon;
				ASSETCATALOG_COMPILER_GLOBAL_ACCENT_COLOR_NAME = AccentColor;
				CODE_SIGN_STYLE = Automatic;
				CURRENT_PROJECT_VERSION = 1;
				DEVELOPMENT_ASSET_PATHS = "\"Spring/Preview Content\"";
				DEVELOPMENT_TEAM = 99KS64JD42;
				ENABLE_PREVIEWS = YES;
				GENERATE_INFOPLIST_FILE = YES;
				INFOPLIST_KEY_CFBundleDisplayName = Spring;
				INFOPLIST_KEY_UIApplicationSceneManifest_Generation = YES;
				INFOPLIST_KEY_UIApplicationSupportsIndirectInputEvents = YES;
				INFOPLIST_KEY_UILaunchScreen_Generation = YES;
				INFOPLIST_KEY_UISupportedInterfaceOrientations_iPad = "UIInterfaceOrientationPortrait UIInterfaceOrientationPortraitUpsideDown UIInterfaceOrientationLandscapeLeft UIInterfaceOrientationLandscapeRight";
				INFOPLIST_KEY_UISupportedInterfaceOrientations_iPhone = "UIInterfaceOrientationPortrait UIInterfaceOrientationLandscapeLeft UIInterfaceOrientationLandscapeRight";
				IPHONEOS_DEPLOYMENT_TARGET = 16.0;
				LD_RUNPATH_SEARCH_PATHS = (
					"$(inherited)",
					"@executable_path/Frameworks",
				);
				MARKETING_VERSION = 1.0;
				PRODUCT_BUNDLE_IDENTIFIER = com.watching.Spring;
				PRODUCT_NAME = "$(TARGET_NAME)";
				SDKROOT = iphoneos;
				SWIFT_EMIT_LOC_STRINGS = YES;
				SWIFT_VERSION = 5.0;
				TARGETED_DEVICE_FAMILY = "1,2";
				VALIDATE_PRODUCT = YES;
			};
			name = Release;
		};
/* End XCBuildConfiguration section */

/* Begin XCConfigurationList section */
		7E5720682A0235A100C0D049 /* Build configuration list for PBXProject "Spring" */ = {
			isa = XCConfigurationList;
			buildConfigurations = (
				7E57208B2A0235A300C0D049 /* Debug */,
				7E57208C2A0235A300C0D049 /* Release */,
			);
			defaultConfigurationIsVisible = 0;
			defaultConfigurationName = Release;
		};
		7E57208D2A0235A300C0D049 /* Build configuration list for PBXNativeTarget "Spring Watch App" */ = {
			isa = XCConfigurationList;
			buildConfigurations = (
				7E57208E2A0235A300C0D049 /* Debug */,
				7E57208F2A0235A300C0D049 /* Release */,
			);
			defaultConfigurationIsVisible = 0;
			defaultConfigurationName = Release;
		};
		7E5720912A0235A300C0D049 /* Build configuration list for PBXNativeTarget "Spring" */ = {
			isa = XCConfigurationList;
			buildConfigurations = (
				7E5720922A0235A300C0D049 /* Debug */,
				7E5720932A0235A300C0D049 /* Release */,
			);
			defaultConfigurationIsVisible = 0;
			defaultConfigurationName = Release;
		};
/* End XCConfigurationList section */

/* Begin XCRemoteSwiftPackageReference section */
		7E5720972A02390F00C0D049 /* XCRemoteSwiftPackageReference "firebase-ios-sdk" */ = {
			isa = XCRemoteSwiftPackageReference;
			repositoryURL = "https://github.com/firebase/firebase-ios-sdk";
			requirement = {
				kind = upToNextMajorVersion;
				minimumVersion = 10.0.0;
			};
		};
/* End XCRemoteSwiftPackageReference section */

/* Begin XCSwiftPackageProductDependency section */
		7E5720982A02390F00C0D049 /* FirebaseAuth */ = {
			isa = XCSwiftPackageProductDependency;
			package = 7E5720972A02390F00C0D049 /* XCRemoteSwiftPackageReference "firebase-ios-sdk" */;
			productName = FirebaseAuth;
		};
		7E57209A2A02390F00C0D049 /* FirebaseFirestore */ = {
			isa = XCSwiftPackageProductDependency;
			package = 7E5720972A02390F00C0D049 /* XCRemoteSwiftPackageReference "firebase-ios-sdk" */;
			productName = FirebaseFirestore;
		};
		7E57209C2A02390F00C0D049 /* FirebaseFirestoreSwift */ = {
			isa = XCSwiftPackageProductDependency;
			package = 7E5720972A02390F00C0D049 /* XCRemoteSwiftPackageReference "firebase-ios-sdk" */;
			productName = FirebaseFirestoreSwift;
		};
		7E57209E2A02390F00C0D049 /* FirebaseStorage */ = {
			isa = XCSwiftPackageProductDependency;
			package = 7E5720972A02390F00C0D049 /* XCRemoteSwiftPackageReference "firebase-ios-sdk" */;
			productName = FirebaseStorage;
		};
/* End XCSwiftPackageProductDependency section */
	};
	rootObject = 7E5720652A0235A100C0D049 /* Project object */;
}
